
Microsoft Visual Studio Solution File, Format Version 12.00
# Visual Studio Version 17
VisualStudioVersion = 17.7.34202.233
MinimumVisualStudioVersion = 10.0.40219.1
Project("{FAE04EC0-301F-11D3-BF4B-00C04F79EFBC}") = "BlueCare", "BlueCare.csproj", "{009DA140-F8E4-4FB6-AB92-4C4FE19487CF}"
EndProject
Global
	GlobalSection(SolutionConfigurationPlatforms) = preSolution
		Debug|Any CPU = Debug|Any CPU
		Release|Any CPU = Release|Any CPU
	EndGlobalSection
	GlobalSection(ProjectConfigurationPlatforms) = postSolution
		{009DA140-F8E4-4FB6-AB92-4C4FE19487CF}.Debug|Any CPU.ActiveCfg = Release|Any CPU
		{009DA140-F8E4-4FB6-AB92-4C4FE19487CF}.Debug|Any CPU.Build.0 = Release|Any CPU
		{009DA140-F8E4-4FB6-AB92-4C4FE19487CF}.Release|Any CPU.ActiveCfg = Release|Any CPU
		{009DA140-F8E4-4FB6-AB92-4C4FE19487CF}.Release|Any CPU.Build.0 = Release|Any CPU
	EndGlobalSection
	GlobalSection(SolutionProperties) = preSolution
		HideSolutionNode = FALSE
	EndGlobalSection
	GlobalSection(ExtensibilityGlobals) = postSolution
		SolutionGuid = {8E01D261-C650-4B1F-A0FE-A9386CC514C1}
	EndGlobalSection
EndGlobal
